
Microsoft Visual Studio Solution File, Format Version 12.00
# Visual Studio Version 16
VisualStudioVersion = 16.0.31624.102
MinimumVisualStudioVersion = 10.0.40219.1
Project("{8BC9CEB8-8B4A-11D0-8D11-00A0C91BC942}") = "3D_rendering", "3D_rendering\3D_rendering.vcxproj", "{5D0F2D57-E56F-408A-B961-0DE22DA52E82}"
EndProject
Global
	GlobalSection(SolutionConfigurationPlatforms) = preSolution
		Debug|x64 = Debug|x64
		Debug|x86 = Debug|x86
		Release|x64 = Release|x64
		Release|x86 = Release|x86
	EndGlobalSection
	GlobalSection(ProjectConfigurationPlatforms) = postSolution
		{5D0F2D57-E56F-408A-B961-0DE22DA52E82}.Debug|x64.ActiveCfg = Debug|x64
		{5D0F2D57-E56F-408A-B961-0DE22DA52E82}.Debug|x64.Build.0 = Debug|x64
		{5D0F2D57-E56F-408A-B961-0DE22DA52E82}.Debug|x86.ActiveCfg = Debug|Win32
		{5D0F2D57-E56F-408A-B961-0DE22DA52E82}.Debug|x86.Build.0 = Debug|Win32
		{5D0F2D57-E56F-408A-B961-0DE22DA52E82}.Release|x64.ActiveCfg = Release|x64
		{5D0F2D57-E56F-408A-B961-0DE22DA52E82}.Release|x64.Build.0 = Release|x64
		{5D0F2D57-E56F-408A-B961-0DE22DA52E82}.Release|x86.ActiveCfg = Release|Win32
		{5D0F2D57-E56F-408A-B961-0DE22DA52E82}.Release|x86.Build.0 = Release|Win32
	EndGlobalSection
	GlobalSection(SolutionProperties) = preSolution
		HideSolutionNode = FALSE
	EndGlobalSection
	GlobalSection(ExtensibilityGlobals) = postSolution
		SolutionGuid = {ACF2E120-160A-45C5-9E3C-A7CAF17EC947}
	EndGlobalSection
EndGlobal
